
Microsoft Visual Studio Solution File, Format Version 12.00
# Visual Studio 15
VisualStudioVersion = 15.0.27703.2035
MinimumVisualStudioVersion = 10.0.40219.1
Project("{FAE04EC0-301F-11D3-BF4B-00C04F79EFBC}") = "SimpleServer", "SimpleServer\SimpleServer.csproj", "{B9AD602E-F701-4B2E-8B85-AF0322380C06}"
EndProject
Project("{FAE04EC0-301F-11D3-BF4B-00C04F79EFBC}") = "ServerBase", "ServerBase\ServerBase.csproj", "{00CFEF4F-7E1D-43D0-8081-39DDCF39A3B5}"
EndProject
Project("{FAE04EC0-301F-11D3-BF4B-00C04F79EFBC}") = "MySql", "MySql\MySql.csproj", "{583C0D96-0038-4E74-B053-76543190E88C}"
EndProject
Global
	GlobalSection(SolutionConfigurationPlatforms) = preSolution
		Debug|Any CPU = Debug|Any CPU
		Release|Any CPU = Release|Any CPU
	EndGlobalSection
	GlobalSection(ProjectConfigurationPlatforms) = postSolution
		{B9AD602E-F701-4B2E-8B85-AF0322380C06}.Debug|Any CPU.ActiveCfg = Debug|Any CPU
		{B9AD602E-F701-4B2E-8B85-AF0322380C06}.Debug|Any CPU.Build.0 = Debug|Any CPU
		{B9AD602E-F701-4B2E-8B85-AF0322380C06}.Release|Any CPU.ActiveCfg = Release|Any CPU
		{B9AD602E-F701-4B2E-8B85-AF0322380C06}.Release|Any CPU.Build.0 = Release|Any CPU
		{00CFEF4F-7E1D-43D0-8081-39DDCF39A3B5}.Debug|Any CPU.ActiveCfg = Debug|Any CPU
		{00CFEF4F-7E1D-43D0-8081-39DDCF39A3B5}.Debug|Any CPU.Build.0 = Debug|Any CPU
		{00CFEF4F-7E1D-43D0-8081-39DDCF39A3B5}.Release|Any CPU.ActiveCfg = Release|Any CPU
		{00CFEF4F-7E1D-43D0-8081-39DDCF39A3B5}.Release|Any CPU.Build.0 = Release|Any CPU
		{583C0D96-0038-4E74-B053-76543190E88C}.Debug|Any CPU.ActiveCfg = Debug|Any CPU
		{583C0D96-0038-4E74-B053-76543190E88C}.Debug|Any CPU.Build.0 = Debug|Any CPU
		{583C0D96-0038-4E74-B053-76543190E88C}.Release|Any CPU.ActiveCfg = Release|Any CPU
		{583C0D96-0038-4E74-B053-76543190E88C}.Release|Any CPU.Build.0 = Release|Any CPU
	EndGlobalSection
	GlobalSection(SolutionProperties) = preSolution
		HideSolutionNode = FALSE
	EndGlobalSection
	GlobalSection(ExtensibilityGlobals) = postSolution
		SolutionGuid = {5A5833F9-3E60-4506-BDC2-6B8AD3BC3C60}
	EndGlobalSection
EndGlobal
